// !$*UTF8*$!
{
	archiveVersion = 1;
	classes = {
	};
	objectVersion = 48;
	objects = {

/* Begin PBXBuildFile section */
		122176C2ACCFD69F64CC73D7 /* Pods_flixster_flixsterUITests.framework in Frameworks */ = {isa = PBXBuildFile; fileRef = 0B909F5FD8C486EF6FE9688C /* Pods_flixster_flixsterUITests.framework */; };
		3F23441023F5F21C002D6148 /* MoviesViewController.swift in Sources */ = {isa = PBXBuildFile; fileRef = 3F8253BD23F34C9E004A3B59 /* MoviesViewController.swift */; };
		3F23441223F5F224002D6148 /* MoviesViewController.swift in Sources */ = {isa = PBXBuildFile; fileRef = 3F8253BD23F34C9E004A3B59 /* MoviesViewController.swift */; };
		3F82539023F348F9004A3B59 /* AppDelegate.swift in Sources */ = {isa = PBXBuildFile; fileRef = 3F82538F23F348F9004A3B59 /* AppDelegate.swift */; };
		3F82539523F348F9004A3B59 /* Main.storyboard in Resources */ = {isa = PBXBuildFile; fileRef = 3F82539323F348F9004A3B59 /* Main.storyboard */; };
		3F82539723F348F9004A3B59 /* Assets.xcassets in Resources */ = {isa = PBXBuildFile; fileRef = 3F82539623F348F9004A3B59 /* Assets.xcassets */; };
		3F82539A23F348F9004A3B59 /* LaunchScreen.storyboard in Resources */ = {isa = PBXBuildFile; fileRef = 3F82539823F348F9004A3B59 /* LaunchScreen.storyboard */; };
		3F8253A523F348F9004A3B59 /* flixsterTests.swift in Sources */ = {isa = PBXBuildFile; fileRef = 3F8253A423F348F9004A3B59 /* flixsterTests.swift */; };
		3F8253B023F348F9004A3B59 /* flixsterUITests.swift in Sources */ = {isa = PBXBuildFile; fileRef = 3F8253AF23F348F9004A3B59 /* flixsterUITests.swift */; };
		3F8253BE23F34C9E004A3B59 /* MoviesViewController.swift in Sources */ = {isa = PBXBuildFile; fileRef = 3F8253BD23F34C9E004A3B59 /* MoviesViewController.swift */; };
		9980BEA785BFF11E97E9999C /* Pods_flixster.framework in Frameworks */ = {isa = PBXBuildFile; fileRef = 1D5F9A54F704738C2FFBBE07 /* Pods_flixster.framework */; };
		F64D23D58A212DA37B85DC8A /* Pods_flixsterTests.framework in Frameworks */ = {isa = PBXBuildFile; fileRef = 87773C3CB0FD466F4B4E6550 /* Pods_flixsterTests.framework */; };
/* End PBXBuildFile section */

/* Begin PBXContainerItemProxy section */
		3F8253A123F348F9004A3B59 /* PBXContainerItemProxy */ = {
			isa = PBXContainerItemProxy;
			containerPortal = 3F82538423F348F9004A3B59 /* Project object */;
			proxyType = 1;
			remoteGlobalIDString = 3F82538B23F348F9004A3B59;
			remoteInfo = flixster;
		};
		3F8253AC23F348F9004A3B59 /* PBXContainerItemProxy */ = {
			isa = PBXContainerItemProxy;
			containerPortal = 3F82538423F348F9004A3B59 /* Project object */;
			proxyType = 1;
			remoteGlobalIDString = 3F82538B23F348F9004A3B59;
			remoteInfo = flixster;
		};
/* End PBXContainerItemProxy section */

/* Begin PBXFileReference section */
		0B909F5FD8C486EF6FE9688C /* Pods_flixster_flixsterUITests.framework */ = {isa = PBXFileReference; explicitFileType = wrapper.framework; includeInIndex = 0; path = Pods_flixster_flixsterUITests.framework; sourceTree = BUILT_PRODUCTS_DIR; };
		1D5F9A54F704738C2FFBBE07 /* Pods_flixster.framework */ = {isa = PBXFileReference; explicitFileType = wrapper.framework; includeInIndex = 0; path = Pods_flixster.framework; sourceTree = BUILT_PRODUCTS_DIR; };
		3F82538C23F348F9004A3B59 /* flixster.app */ = {isa = PBXFileReference; explicitFileType = wrapper.application; includeInIndex = 0; path = flixster.app; sourceTree = BUILT_PRODUCTS_DIR; };
		3F82538F23F348F9004A3B59 /* AppDelegate.swift */ = {isa = PBXFileReference; lastKnownFileType = sourcecode.swift; path = AppDelegate.swift; sourceTree = "<group>"; };
		3F82539423F348F9004A3B59 /* Base */ = {isa = PBXFileReference; lastKnownFileType = file.storyboard; name = Base; path = Base.lproj/Main.storyboard; sourceTree = "<group>"; };
		3F82539623F348F9004A3B59 /* Assets.xcassets */ = {isa = PBXFileReference; lastKnownFileType = folder.assetcatalog; path = Assets.xcassets; sourceTree = "<group>"; };
		3F82539923F348F9004A3B59 /* Base */ = {isa = PBXFileReference; lastKnownFileType = file.storyboard; name = Base; path = Base.lproj/LaunchScreen.storyboard; sourceTree = "<group>"; };
		3F82539B23F348F9004A3B59 /* Info.plist */ = {isa = PBXFileReference; lastKnownFileType = text.plist.xml; path = Info.plist; sourceTree = "<group>"; };
		3F8253A023F348F9004A3B59 /* flixsterTests.xctest */ = {isa = PBXFileReference; explicitFileType = wrapper.cfbundle; includeInIndex = 0; path = flixsterTests.xctest; sourceTree = BUILT_PRODUCTS_DIR; };
		3F8253A423F348F9004A3B59 /* flixsterTests.swift */ = {isa = PBXFileReference; lastKnownFileType = sourcecode.swift; path = flixsterTests.swift; sourceTree = "<group>"; };
		3F8253A623F348F9004A3B59 /* Info.plist */ = {isa = PBXFileReference; lastKnownFileType = text.plist.xml; path = Info.plist; sourceTree = "<group>"; };
		3F8253AB23F348F9004A3B59 /* flixsterUITests.xctest */ = {isa = PBXFileReference; explicitFileType = wrapper.cfbundle; includeInIndex = 0; path = flixsterUITests.xctest; sourceTree = BUILT_PRODUCTS_DIR; };
		3F8253AF23F348F9004A3B59 /* flixsterUITests.swift */ = {isa = PBXFileReference; lastKnownFileType = sourcecode.swift; path = flixsterUITests.swift; sourceTree = "<group>"; };
		3F8253B123F348F9004A3B59 /* Info.plist */ = {isa = PBXFileReference; lastKnownFileType = text.plist.xml; path = Info.plist; sourceTree = "<group>"; };
		3F8253BD23F34C9E004A3B59 /* MoviesViewController.swift */ = {isa = PBXFileReference; lastKnownFileType = sourcecode.swift; path = MoviesViewController.swift; sourceTree = "<group>"; };
		4E99525C700E77ECED04FDCF /* Pods-flixster.release.xcconfig */ = {isa = PBXFileReference; includeInIndex = 1; lastKnownFileType = text.xcconfig; name = "Pods-flixster.release.xcconfig"; path = "Target Support Files/Pods-flixster/Pods-flixster.release.xcconfig"; sourceTree = "<group>"; };
		58A160B7B52F2DDDA9B8AE39 /* Pods-flixsterTests.release.xcconfig */ = {isa = PBXFileReference; includeInIndex = 1; lastKnownFileType = text.xcconfig; name = "Pods-flixsterTests.release.xcconfig"; path = "Target Support Files/Pods-flixsterTests/Pods-flixsterTests.release.xcconfig"; sourceTree = "<group>"; };
		703DC6FDBC1592155BB0BEB3 /* Pods-flixster-flixsterUITests.debug.xcconfig */ = {isa = PBXFileReference; includeInIndex = 1; lastKnownFileType = text.xcconfig; name = "Pods-flixster-flixsterUITests.debug.xcconfig"; path = "Target Support Files/Pods-flixster-flixsterUITests/Pods-flixster-flixsterUITests.debug.xcconfig"; sourceTree = "<group>"; };
		7EBF66CD92C1CCBA7F882021 /* Pods-flixster-flixsterUITests.release.xcconfig */ = {isa = PBXFileReference; includeInIndex = 1; lastKnownFileType = text.xcconfig; name = "Pods-flixster-flixsterUITests.release.xcconfig"; path = "Target Support Files/Pods-flixster-flixsterUITests/Pods-flixster-flixsterUITests.release.xcconfig"; sourceTree = "<group>"; };
		87773C3CB0FD466F4B4E6550 /* Pods_flixsterTests.framework */ = {isa = PBXFileReference; explicitFileType = wrapper.framework; includeInIndex = 0; path = Pods_flixsterTests.framework; sourceTree = BUILT_PRODUCTS_DIR; };
		A69FBDA50E54014043884884 /* Pods-flixsterTests.debug.xcconfig */ = {isa = PBXFileReference; includeInIndex = 1; lastKnownFileType = text.xcconfig; name = "Pods-flixsterTests.debug.xcconfig"; path = "Target Support Files/Pods-flixsterTests/Pods-flixsterTests.debug.xcconfig"; sourceTree = "<group>"; };
		F44DBE33B3C83CDDB0EE7A1A /* Pods-flixster.debug.xcconfig */ = {isa = PBXFileReference; includeInIndex = 1; lastKnownFileType = text.xcconfig; name = "Pods-flixster.debug.xcconfig"; path = "Target Support Files/Pods-flixster/Pods-flixster.debug.xcconfig"; sourceTree = "<group>"; };
/* End PBXFileReference section */

/* Begin PBXFrameworksBuildPhase section */
		3F82538923F348F9004A3B59 /* Frameworks */ = {
			isa = PBXFrameworksBuildPhase;
			buildActionMask = 2147483647;
			files = (
				9980BEA785BFF11E97E9999C /* Pods_flixster.framework in Frameworks */,
			);
			runOnlyForDeploymentPostprocessing = 0;
		};
		3F82539D23F348F9004A3B59 /* Frameworks */ = {
			isa = PBXFrameworksBuildPhase;
			buildActionMask = 2147483647;
			files = (
				F64D23D58A212DA37B85DC8A /* Pods_flixsterTests.framework in Frameworks */,
			);
			runOnlyForDeploymentPostprocessing = 0;
		};
		3F8253A823F348F9004A3B59 /* Frameworks */ = {
			isa = PBXFrameworksBuildPhase;
			buildActionMask = 2147483647;
			files = (
				122176C2ACCFD69F64CC73D7 /* Pods_flixster_flixsterUITests.framework in Frameworks */,
			);
			runOnlyForDeploymentPostprocessing = 0;
		};
/* End PBXFrameworksBuildPhase section */

/* Begin PBXGroup section */
		3F82538323F348F8004A3B59 = {
			isa = PBXGroup;
			children = (
				3F82538E23F348F9004A3B59 /* flixster */,
				3F8253A323F348F9004A3B59 /* flixsterTests */,
				3F8253AE23F348F9004A3B59 /* flixsterUITests */,
				3F82538D23F348F9004A3B59 /* Products */,
				AA38F916B2191E1B20607D52 /* Pods */,
				C593D96F1BB5F5ABF55E6DD9 /* Frameworks */,
			);
			sourceTree = "<group>";
		};
		3F82538D23F348F9004A3B59 /* Products */ = {
			isa = PBXGroup;
			children = (
				3F82538C23F348F9004A3B59 /* flixster.app */,
				3F8253A023F348F9004A3B59 /* flixsterTests.xctest */,
				3F8253AB23F348F9004A3B59 /* flixsterUITests.xctest */,
			);
			name = Products;
			sourceTree = "<group>";
		};
		3F82538E23F348F9004A3B59 /* flixster */ = {
			isa = PBXGroup;
			children = (
				3F82538F23F348F9004A3B59 /* AppDelegate.swift */,
				3F82539323F348F9004A3B59 /* Main.storyboard */,
				3F82539623F348F9004A3B59 /* Assets.xcassets */,
				3F82539823F348F9004A3B59 /* LaunchScreen.storyboard */,
				3F82539B23F348F9004A3B59 /* Info.plist */,
				3F8253BD23F34C9E004A3B59 /* MoviesViewController.swift */,
			);
			path = flixster;
			sourceTree = "<group>";
		};
		3F8253A323F348F9004A3B59 /* flixsterTests */ = {
			isa = PBXGroup;
			children = (
				3F8253A423F348F9004A3B59 /* flixsterTests.swift */,
				3F8253A623F348F9004A3B59 /* Info.plist */,
			);
			path = flixsterTests;
			sourceTree = "<group>";
		};
		3F8253AE23F348F9004A3B59 /* flixsterUITests */ = {
			isa = PBXGroup;
			children = (
				3F8253AF23F348F9004A3B59 /* flixsterUITests.swift */,
				3F8253B123F348F9004A3B59 /* Info.plist */,
			);
			path = flixsterUITests;
			sourceTree = "<group>";
		};
		AA38F916B2191E1B20607D52 /* Pods */ = {
			isa = PBXGroup;
			children = (
				F44DBE33B3C83CDDB0EE7A1A /* Pods-flixster.debug.xcconfig */,
				4E99525C700E77ECED04FDCF /* Pods-flixster.release.xcconfig */,
				703DC6FDBC1592155BB0BEB3 /* Pods-flixster-flixsterUITests.debug.xcconfig */,
				7EBF66CD92C1CCBA7F882021 /* Pods-flixster-flixsterUITests.release.xcconfig */,
				A69FBDA50E54014043884884 /* Pods-flixsterTests.debug.xcconfig */,
				58A160B7B52F2DDDA9B8AE39 /* Pods-flixsterTests.release.xcconfig */,
			);
			path = Pods;
			sourceTree = "<group>";
		};
		C593D96F1BB5F5ABF55E6DD9 /* Frameworks */ = {
			isa = PBXGroup;
			children = (
				1D5F9A54F704738C2FFBBE07 /* Pods_flixster.framework */,
				0B909F5FD8C486EF6FE9688C /* Pods_flixster_flixsterUITests.framework */,
				87773C3CB0FD466F4B4E6550 /* Pods_flixsterTests.framework */,
			);
			name = Frameworks;
			sourceTree = "<group>";
		};
/* End PBXGroup section */

/* Begin PBXNativeTarget section */
		3F82538B23F348F9004A3B59 /* flixster */ = {
			isa = PBXNativeTarget;
			buildConfigurationList = 3F8253B423F348F9004A3B59 /* Build configuration list for PBXNativeTarget "flixster" */;
			buildPhases = (
				0A3C4A4E69D94486492CB3E9 /* [CP] Check Pods Manifest.lock */,
				3F82538823F348F9004A3B59 /* Sources */,
				3F82538923F348F9004A3B59 /* Frameworks */,
				3F82538A23F348F9004A3B59 /* Resources */,
				0A072623F64F2122049356FE /* [CP] Embed Pods Frameworks */,
			);
			buildRules = (
			);
			dependencies = (
			);
			name = flixster;
			productName = flixster;
			productReference = 3F82538C23F348F9004A3B59 /* flixster.app */;
			productType = "com.apple.product-type.application";
		};
		3F82539F23F348F9004A3B59 /* flixsterTests */ = {
			isa = PBXNativeTarget;
			buildConfigurationList = 3F8253B723F348F9004A3B59 /* Build configuration list for PBXNativeTarget "flixsterTests" */;
			buildPhases = (
				F75A1013A4775DFD261B0E2C /* [CP] Check Pods Manifest.lock */,
				3F82539C23F348F9004A3B59 /* Sources */,
				3F82539D23F348F9004A3B59 /* Frameworks */,
				3F82539E23F348F9004A3B59 /* Resources */,
			);
			buildRules = (
			);
			dependencies = (
				3F8253A223F348F9004A3B59 /* PBXTargetDependency */,
			);
			name = flixsterTests;
			productName = flixsterTests;
			productReference = 3F8253A023F348F9004A3B59 /* flixsterTests.xctest */;
			productType = "com.apple.product-type.bundle.unit-test";
		};
		3F8253AA23F348F9004A3B59 /* flixsterUITests */ = {
			isa = PBXNativeTarget;
			buildConfigurationList = 3F8253BA23F348F9004A3B59 /* Build configuration list for PBXNativeTarget "flixsterUITests" */;
			buildPhases = (
				A4F059B6F52FA22DC6325979 /* [CP] Check Pods Manifest.lock */,
				3F8253A723F348F9004A3B59 /* Sources */,
				3F8253A823F348F9004A3B59 /* Frameworks */,
				3F8253A923F348F9004A3B59 /* Resources */,
				5D6DFF1B3ABDAB92DCD9E949 /* [CP] Embed Pods Frameworks */,
			);
			buildRules = (
			);
			dependencies = (
				3F8253AD23F348F9004A3B59 /* PBXTargetDependency */,
			);
			name = flixsterUITests;
			productName = flixsterUITests;
			productReference = 3F8253AB23F348F9004A3B59 /* flixsterUITests.xctest */;
			productType = "com.apple.product-type.bundle.ui-testing";
		};
/* End PBXNativeTarget section */

/* Begin PBXProject section */
		3F82538423F348F9004A3B59 /* Project object */ = {
			isa = PBXProject;
			attributes = {
				LastSwiftUpdateCheck = 0920;
				LastUpgradeCheck = 0920;
				ORGANIZATIONNAME = codepath;
				TargetAttributes = {
					3F82538B23F348F9004A3B59 = {
						CreatedOnToolsVersion = 9.2;
						ProvisioningStyle = Automatic;
					};
					3F82539F23F348F9004A3B59 = {
						CreatedOnToolsVersion = 9.2;
						ProvisioningStyle = Automatic;
						TestTargetID = 3F82538B23F348F9004A3B59;
					};
					3F8253AA23F348F9004A3B59 = {
						CreatedOnToolsVersion = 9.2;
						ProvisioningStyle = Automatic;
						TestTargetID = 3F82538B23F348F9004A3B59;
					};
				};
			};
			buildConfigurationList = 3F82538723F348F9004A3B59 /* Build configuration list for PBXProject "flixster" */;
			compatibilityVersion = "Xcode 8.0";
			developmentRegion = en;
			hasScannedForEncodings = 0;
			knownRegions = (
				en,
				Base,
			);
			mainGroup = 3F82538323F348F8004A3B59;
			productRefGroup = 3F82538D23F348F9004A3B59 /* Products */;
			projectDirPath = "";
			projectRoot = "";
			targets = (
				3F82538B23F348F9004A3B59 /* flixster */,
				3F82539F23F348F9004A3B59 /* flixsterTests */,
				3F8253AA23F348F9004A3B59 /* flixsterUITests */,
			);
		};
/* End PBXProject section */

/* Begin PBXResourcesBuildPhase section */
		3F82538A23F348F9004A3B59 /* Resources */ = {
			isa = PBXResourcesBuildPhase;
			buildActionMask = 2147483647;
			files = (
				3F82539A23F348F9004A3B59 /* LaunchScreen.storyboard in Resources */,
				3F82539723F348F9004A3B59 /* Assets.xcassets in Resources */,
				3F82539523F348F9004A3B59 /* Main.storyboard in Resources */,
			);
			runOnlyForDeploymentPostprocessing = 0;
		};
		3F82539E23F348F9004A3B59 /* Resources */ = {
			isa = PBXResourcesBuildPhase;
			buildActionMask = 2147483647;
			files = (
			);
			runOnlyForDeploymentPostprocessing = 0;
		};
		3F8253A923F348F9004A3B59 /* Resources */ = {
			isa = PBXResourcesBuildPhase;
			buildActionMask = 2147483647;
			files = (
			);
			runOnlyForDeploymentPostprocessing = 0;
		};
/* End PBXResourcesBuildPhase section */

/* Begin PBXShellScriptBuildPhase section */
		0A072623F64F2122049356FE /* [CP] Embed Pods Frameworks */ = {
			isa = PBXShellScriptBuildPhase;
			buildActionMask = 2147483647;
			files = (
			);
			inputPaths = (
				"${PODS_ROOT}/Target Support Files/Pods-flixster/Pods-flixster-frameworks.sh",
				"${BUILT_PRODUCTS_DIR}/Alamofire/Alamofire.framework",
				"${BUILT_PRODUCTS_DIR}/AlamofireImage/AlamofireImage.framework",
			);
			name = "[CP] Embed Pods Frameworks";
			outputPaths = (
				"${TARGET_BUILD_DIR}/${FRAMEWORKS_FOLDER_PATH}/Alamofire.framework",
				"${TARGET_BUILD_DIR}/${FRAMEWORKS_FOLDER_PATH}/AlamofireImage.framework",
			);
			runOnlyForDeploymentPostprocessing = 0;
			shellPath = /bin/sh;
			shellScript = "\"${PODS_ROOT}/Target Support Files/Pods-flixster/Pods-flixster-frameworks.sh\"\n";
			showEnvVarsInLog = 0;
		};
		0A3C4A4E69D94486492CB3E9 /* [CP] Check Pods Manifest.lock */ = {
			isa = PBXShellScriptBuildPhase;
			buildActionMask = 2147483647;
			files = (
			);
			inputPaths = (
				"${PODS_PODFILE_DIR_PATH}/Podfile.lock",
				"${PODS_ROOT}/Manifest.lock",
			);
			name = "[CP] Check Pods Manifest.lock";
			outputPaths = (
				"$(DERIVED_FILE_DIR)/Pods-flixster-checkManifestLockResult.txt",
			);
			runOnlyForDeploymentPostprocessing = 0;
			shellPath = /bin/sh;
			shellScript = "diff \"${PODS_PODFILE_DIR_PATH}/Podfile.lock\" \"${PODS_ROOT}/Manifest.lock\" > /dev/null\nif [ $? != 0 ] ; then\n    # print error to STDERR\n    echo \"error: The sandbox is not in sync with the Podfile.lock. Run 'pod install' or update your CocoaPods installation.\" >&2\n    exit 1\nfi\n# This output is used by Xcode 'outputs' to avoid re-running this script phase.\necho \"SUCCESS\" > \"${SCRIPT_OUTPUT_FILE_0}\"\n";
			showEnvVarsInLog = 0;
		};
		5D6DFF1B3ABDAB92DCD9E949 /* [CP] Embed Pods Frameworks */ = {
			isa = PBXShellScriptBuildPhase;
			buildActionMask = 2147483647;
			files = (
			);
			inputPaths = (
				"${PODS_ROOT}/Target Support Files/Pods-flixster-flixsterUITests/Pods-flixster-flixsterUITests-frameworks.sh",
				"${BUILT_PRODUCTS_DIR}/Alamofire/Alamofire.framework",
				"${BUILT_PRODUCTS_DIR}/AlamofireImage/AlamofireImage.framework",
			);
			name = "[CP] Embed Pods Frameworks";
			outputPaths = (
				"${TARGET_BUILD_DIR}/${FRAMEWORKS_FOLDER_PATH}/Alamofire.framework",
				"${TARGET_BUILD_DIR}/${FRAMEWORKS_FOLDER_PATH}/AlamofireImage.framework",
			);
			runOnlyForDeploymentPostprocessing = 0;
			shellPath = /bin/sh;
			shellScript = "\"${PODS_ROOT}/Target Support Files/Pods-flixster-flixsterUITests/Pods-flixster-flixsterUITests-frameworks.sh\"\n";
			showEnvVarsInLog = 0;
		};
		A4F059B6F52FA22DC6325979 /* [CP] Check Pods Manifest.lock */ = {
			isa = PBXShellScriptBuildPhase;
			buildActionMask = 2147483647;
			files = (
			);
			inputPaths = (
				"${PODS_PODFILE_DIR_PATH}/Podfile.lock",
				"${PODS_ROOT}/Manifest.lock",
			);
			name = "[CP] Check Pods Manifest.lock";
			outputPaths = (
				"$(DERIVED_FILE_DIR)/Pods-flixster-flixsterUITests-checkManifestLockResult.txt",
			);
			runOnlyForDeploymentPostprocessing = 0;
			shellPath = /bin/sh;
			shellScript = "diff \"${PODS_PODFILE_DIR_PATH}/Podfile.lock\" \"${PODS_ROOT}/Manifest.lock\" > /dev/null\nif [ $? != 0 ] ; then\n    # print error to STDERR\n    echo \"error: The sandbox is not in sync with the Podfile.lock. Run 'pod install' or update your CocoaPods installation.\" >&2\n    exit 1\nfi\n# This output is used by Xcode 'outputs' to avoid re-running this script phase.\necho \"SUCCESS\" > \"${SCRIPT_OUTPUT_FILE_0}\"\n";
			showEnvVarsInLog = 0;
		};
		F75A1013A4775DFD261B0E2C /* [CP] Check Pods Manifest.lock */ = {
			isa = PBXShellScriptBuildPhase;
			buildActionMask = 2147483647;
			files = (
			);
			inputPaths = (
				"${PODS_PODFILE_DIR_PATH}/Podfile.lock",
				"${PODS_ROOT}/Manifest.lock",
			);
			name = "[CP] Check Pods Manifest.lock";
			outputPaths = (
				"$(DERIVED_FILE_DIR)/Pods-flixsterTests-checkManifestLockResult.txt",
			);
			runOnlyForDeploymentPostprocessing = 0;
			shellPath = /bin/sh;
			shellScript = "diff \"${PODS_PODFILE_DIR_PATH}/Podfile.lock\" \"${PODS_ROOT}/Manifest.lock\" > /dev/null\nif [ $? != 0 ] ; then\n    # print error to STDERR\n    echo \"error: The sandbox is not in sync with the Podfile.lock. Run 'pod install' or update your CocoaPods installation.\" >&2\n    exit 1\nfi\n# This output is used by Xcode 'outputs' to avoid re-running this script phase.\necho \"SUCCESS\" > \"${SCRIPT_OUTPUT_FILE_0}\"\n";
			showEnvVarsInLog = 0;
		};
/* End PBXShellScriptBuildPhase section */

/* Begin PBXSourcesBuildPhase section */
		3F82538823F348F9004A3B59 /* Sources */ = {
			isa = PBXSourcesBuildPhase;
			buildActionMask = 2147483647;
			files = (
				3F82539023F348F9004A3B59 /* AppDelegate.swift in Sources */,
				3F8253BE23F34C9E004A3B59 /* MoviesViewController.swift in Sources */,
			);
			runOnlyForDeploymentPostprocessing = 0;
		};
		3F82539C23F348F9004A3B59 /* Sources */ = {
			isa = PBXSourcesBuildPhase;
			buildActionMask = 2147483647;
			files = (
				3F8253A523F348F9004A3B59 /* flixsterTests.swift in Sources */,
				3F23441223F5F224002D6148 /* MoviesViewController.swift in Sources */,
			);
			runOnlyForDeploymentPostprocessing = 0;
		};
		3F8253A723F348F9004A3B59 /* Sources */ = {
			isa = PBXSourcesBuildPhase;
			buildActionMask = 2147483647;
			files = (
				3F8253B023F348F9004A3B59 /* flixsterUITests.swift in Sources */,
				3F23441023F5F21C002D6148 /* MoviesViewController.swift in Sources */,
			);
			runOnlyForDeploymentPostprocessing = 0;
		};
/* End PBXSourcesBuildPhase section */

/* Begin PBXTargetDependency section */
		3F8253A223F348F9004A3B59 /* PBXTargetDependency */ = {
			isa = PBXTargetDependency;
			target = 3F82538B23F348F9004A3B59 /* flixster */;
			targetProxy = 3F8253A123F348F9004A3B59 /* PBXContainerItemProxy */;
		};
		3F8253AD23F348F9004A3B59 /* PBXTargetDependency */ = {
			isa = PBXTargetDependency;
			target = 3F82538B23F348F9004A3B59 /* flixster */;
			targetProxy = 3F8253AC23F348F9004A3B59 /* PBXContainerItemProxy */;
		};
/* End PBXTargetDependency section */

/* Begin PBXVariantGroup section */
		3F82539323F348F9004A3B59 /* Main.storyboard */ = {
			isa = PBXVariantGroup;
			children = (
				3F82539423F348F9004A3B59 /* Base */,
			);
			name = Main.storyboard;
			sourceTree = "<group>";
		};
		3F82539823F348F9004A3B59 /* LaunchScreen.storyboard */ = {
			isa = PBXVariantGroup;
			children = (
				3F82539923F348F9004A3B59 /* Base */,
			);
			name = LaunchScreen.storyboard;
			sourceTree = "<group>";
		};
/* End PBXVariantGroup section */

/* Begin XCBuildConfiguration section */
		3F8253B223F348F9004A3B59 /* Debug */ = {
			isa = XCBuildConfiguration;
			buildSettings = {
				ALWAYS_SEARCH_USER_PATHS = NO;
				CLANG_ANALYZER_NONNULL = YES;
				CLANG_ANALYZER_NUMBER_OBJECT_CONVERSION = YES_AGGRESSIVE;
				CLANG_CXX_LANGUAGE_STANDARD = "gnu++14";
				CLANG_CXX_LIBRARY = "libc++";
				CLANG_ENABLE_MODULES = YES;
				CLANG_ENABLE_OBJC_ARC = YES;
				CLANG_WARN_BLOCK_CAPTURE_AUTORELEASING = YES;
				CLANG_WARN_BOOL_CONVERSION = YES;
				CLANG_WARN_COMMA = YES;
				CLANG_WARN_CONSTANT_CONVERSION = YES;
				CLANG_WARN_DIRECT_OBJC_ISA_USAGE = YES_ERROR;
				CLANG_WARN_DOCUMENTATION_COMMENTS = YES;
				CLANG_WARN_EMPTY_BODY = YES;
				CLANG_WARN_ENUM_CONVERSION = YES;
				CLANG_WARN_INFINITE_RECURSION = YES;
				CLANG_WARN_INT_CONVERSION = YES;
				CLANG_WARN_NON_LITERAL_NULL_CONVERSION = YES;
				CLANG_WARN_OBJC_LITERAL_CONVERSION = YES;
				CLANG_WARN_OBJC_ROOT_CLASS = YES_ERROR;
				CLANG_WARN_RANGE_LOOP_ANALYSIS = YES;
				CLANG_WARN_STRICT_PROTOTYPES = YES;
				CLANG_WARN_SUSPICIOUS_MOVE = YES;
				CLANG_WARN_UNGUARDED_AVAILABILITY = YES_AGGRESSIVE;
				CLANG_WARN_UNREACHABLE_CODE = YES;
				CLANG_WARN__DUPLICATE_METHOD_MATCH = YES;
				CODE_SIGN_IDENTITY = "iPhone Developer";
				COPY_PHASE_STRIP = NO;
				DEBUG_INFORMATION_FORMAT = dwarf;
				ENABLE_STRICT_OBJC_MSGSEND = YES;
				ENABLE_TESTABILITY = YES;
				GCC_C_LANGUAGE_STANDARD = gnu11;
				GCC_DYNAMIC_NO_PIC = NO;
				GCC_NO_COMMON_BLOCKS = YES;
				GCC_OPTIMIZATION_LEVEL = 0;
				GCC_PREPROCESSOR_DEFINITIONS = (
					"DEBUG=1",
					"$(inherited)",
				);
				GCC_WARN_64_TO_32_BIT_CONVERSION = YES;
				GCC_WARN_ABOUT_RETURN_TYPE = YES_ERROR;
				GCC_WARN_UNDECLARED_SELECTOR = YES;
				GCC_WARN_UNINITIALIZED_AUTOS = YES_AGGRESSIVE;
				GCC_WARN_UNUSED_FUNCTION = YES;
				GCC_WARN_UNUSED_VARIABLE = YES;
				IPHONEOS_DEPLOYMENT_TARGET = 11.2;
				MTL_ENABLE_DEBUG_INFO = YES;
				ONLY_ACTIVE_ARCH = YES;
				SDKROOT = iphoneos;
				SWIFT_ACTIVE_COMPILATION_CONDITIONS = DEBUG;
				SWIFT_OPTIMIZATION_LEVEL = "-Onone";
			};
			name = Debug;
		};
		3F8253B323F348F9004A3B59 /* Release */ = {
			isa = XCBuildConfiguration;
			buildSettings = {
				ALWAYS_SEARCH_USER_PATHS = NO;
				CLANG_ANALYZER_NONNULL = YES;
				CLANG_ANALYZER_NUMBER_OBJECT_CONVERSION = YES_AGGRESSIVE;
				CLANG_CXX_LANGUAGE_STANDARD = "gnu++14";
				CLANG_CXX_LIBRARY = "libc++";
				CLANG_ENABLE_MODULES = YES;
				CLANG_ENABLE_OBJC_ARC = YES;
				CLANG_WARN_BLOCK_CAPTURE_AUTORELEASING = YES;
				CLANG_WARN_BOOL_CONVERSION = YES;
				CLANG_WARN_COMMA = YES;
				CLANG_WARN_CONSTANT_CONVERSION = YES;
				CLANG_WARN_DIRECT_OBJC_ISA_USAGE = YES_ERROR;
				CLANG_WARN_DOCUMENTATION_COMMENTS = YES;
				CLANG_WARN_EMPTY_BODY = YES;
				CLANG_WARN_ENUM_CONVERSION = YES;
				CLANG_WARN_INFINITE_RECURSION = YES;
				CLANG_WARN_INT_CONVERSION = YES;
				CLANG_WARN_NON_LITERAL_NULL_CONVERSION = YES;
				CLANG_WARN_OBJC_LITERAL_CONVERSION = YES;
				CLANG_WARN_OBJC_ROOT_CLASS = YES_ERROR;
				CLANG_WARN_RANGE_LOOP_ANALYSIS = YES;
				CLANG_WARN_STRICT_PROTOTYPES = YES;
				CLANG_WARN_SUSPICIOUS_MOVE = YES;
				CLANG_WARN_UNGUARDED_AVAILABILITY = YES_AGGRESSIVE;
				CLANG_WARN_UNREACHABLE_CODE = YES;
				CLANG_WARN__DUPLICATE_METHOD_MATCH = YES;
				CODE_SIGN_IDENTITY = "iPhone Developer";
				COPY_PHASE_STRIP = NO;
				DEBUG_INFORMATION_FORMAT = "dwarf-with-dsym";
				ENABLE_NS_ASSERTIONS = NO;
				ENABLE_STRICT_OBJC_MSGSEND = YES;
				GCC_C_LANGUAGE_STANDARD = gnu11;
				GCC_NO_COMMON_BLOCKS = YES;
				GCC_WARN_64_TO_32_BIT_CONVERSION = YES;
				GCC_WARN_ABOUT_RETURN_TYPE = YES_ERROR;
				GCC_WARN_UNDECLARED_SELECTOR = YES;
				GCC_WARN_UNINITIALIZED_AUTOS = YES_AGGRESSIVE;
				GCC_WARN_UNUSED_FUNCTION = YES;
				GCC_WARN_UNUSED_VARIABLE = YES;
				IPHONEOS_DEPLOYMENT_TARGET = 11.2;
				MTL_ENABLE_DEBUG_INFO = NO;
				SDKROOT = iphoneos;
				SWIFT_OPTIMIZATION_LEVEL = "-Owholemodule";
				VALIDATE_PRODUCT = YES;
			};
			name = Release;
		};
		3F8253B523F348F9004A3B59 /* Debug */ = {
			isa = XCBuildConfiguration;
			baseConfigurationReference = F44DBE33B3C83CDDB0EE7A1A /* Pods-flixster.debug.xcconfig */;
			buildSettings = {
				ASSETCATALOG_COMPILER_APPICON_NAME = AppIcon;
				CODE_SIGN_STYLE = Automatic;
				INFOPLIST_FILE = flixster/Info.plist;
				LD_RUNPATH_SEARCH_PATHS = "$(inherited) @executable_path/Frameworks";
				PRODUCT_BUNDLE_IDENTIFIER = com.codepath.flixster;
				PRODUCT_NAME = "$(TARGET_NAME)";
				SWIFT_VERSION = 4.0;
				TARGETED_DEVICE_FAMILY = "1,2";
			};
			name = Debug;
		};
		3F8253B623F348F9004A3B59 /* Release */ = {
			isa = XCBuildConfiguration;
			baseConfigurationReference = 4E99525C700E77ECED04FDCF /* Pods-flixster.release.xcconfig */;
			buildSettings = {
				ASSETCATALOG_COMPILER_APPICON_NAME = AppIcon;
				CODE_SIGN_STYLE = Automatic;
				INFOPLIST_FILE = flixster/Info.plist;
				LD_RUNPATH_SEARCH_PATHS = "$(inherited) @executable_path/Frameworks";
				PRODUCT_BUNDLE_IDENTIFIER = com.codepath.flixster;
				PRODUCT_NAME = "$(TARGET_NAME)";
				SWIFT_VERSION = 4.0;
				TARGETED_DEVICE_FAMILY = "1,2";
			};
			name = Release;
		};
		3F8253B823F348F9004A3B59 /* Debug */ = {
			isa = XCBuildConfiguration;
			baseConfigurationReference = A69FBDA50E54014043884884 /* Pods-flixsterTests.debug.xcconfig */;
			buildSettings = {
				ALWAYS_EMBED_SWIFT_STANDARD_LIBRARIES = YES;
				BUNDLE_LOADER = "$(TEST_HOST)";
				CODE_SIGN_STYLE = Automatic;
				INFOPLIST_FILE = flixsterTests/Info.plist;
				LD_RUNPATH_SEARCH_PATHS = "$(inherited) @executable_path/Frameworks @loader_path/Frameworks";
				PRODUCT_BUNDLE_IDENTIFIER = com.codepath.flixsterTests;
				PRODUCT_NAME = "$(TARGET_NAME)";
				SWIFT_VERSION = 4.0;
				TARGETED_DEVICE_FAMILY = "1,2";
				TEST_HOST = "$(BUILT_PRODUCTS_DIR)/flixster.app/flixster";
			};
			name = Debug;
		};
		3F8253B923F348F9004A3B59 /* Release */ = {
			isa = XCBuildConfiguration;
			baseConfigurationReference = 58A160B7B52F2DDDA9B8AE39 /* Pods-flixsterTests.release.xcconfig */;
			buildSettings = {
				ALWAYS_EMBED_SWIFT_STANDARD_LIBRARIES = YES;
				BUNDLE_LOADER = "$(TEST_HOST)";
				CODE_SIGN_STYLE = Automatic;
				INFOPLIST_FILE = flixsterTests/Info.plist;
				LD_RUNPATH_SEARCH_PATHS = "$(inherited) @executable_path/Frameworks @loader_path/Frameworks";
				PRODUCT_BUNDLE_IDENTIFIER = com.codepath.flixsterTests;
				PRODUCT_NAME = "$(TARGET_NAME)";
				SWIFT_VERSION = 4.0;
				TARGETED_DEVICE_FAMILY = "1,2";
				TEST_HOST = "$(BUILT_PRODUCTS_DIR)/flixster.app/flixster";
			};
			name = Release;
		};
		3F8253BB23F348F9004A3B59 /* Debug */ = {
			isa = XCBuildConfiguration;
			baseConfigurationReference = 703DC6FDBC1592155BB0BEB3 /* Pods-flixster-flixsterUITests.debug.xcconfig */;
			buildSettings = {
				ALWAYS_EMBED_SWIFT_STANDARD_LIBRARIES = YES;
				CODE_SIGN_STYLE = Automatic;
				INFOPLIST_FILE = flixsterUITests/Info.plist;
				LD_RUNPATH_SEARCH_PATHS = "$(inherited) @executable_path/Frameworks @loader_path/Frameworks";
				PRODUCT_BUNDLE_IDENTIFIER = com.codepath.flixsterUITests;
				PRODUCT_NAME = "$(TARGET_NAME)";
				SWIFT_VERSION = 4.0;
				TARGETED_DEVICE_FAMILY = "1,2";
				TEST_TARGET_NAME = flixster;
			};
			name = Debug;
		};
		3F8253BC23F348F9004A3B59 /* Release */ = {
			isa = XCBuildConfiguration;
			baseConfigurationReference = 7EBF66CD92C1CCBA7F882021 /* Pods-flixster-flixsterUITests.release.xcconfig */;
			buildSettings = {
				ALWAYS_EMBED_SWIFT_STANDARD_LIBRARIES = YES;
				CODE_SIGN_STYLE = Automatic;
				INFOPLIST_FILE = flixsterUITests/Info.plist;
				LD_RUNPATH_SEARCH_PATHS = "$(inherited) @executable_path/Frameworks @loader_path/Frameworks";
				PRODUCT_BUNDLE_IDENTIFIER = com.codepath.flixsterUITests;
				PRODUCT_NAME = "$(TARGET_NAME)";
				SWIFT_VERSION = 4.0;
				TARGETED_DEVICE_FAMILY = "1,2";
				TEST_TARGET_NAME = flixster;
			};
			name = Release;
		};
/* End XCBuildConfiguration section */

/* Begin XCConfigurationList section */
		3F82538723F348F9004A3B59 /* Build configuration list for PBXProject "flixster" */ = {
			isa = XCConfigurationList;
			buildConfigurations = (
				3F8253B223F348F9004A3B59 /* Debug */,
				3F8253B323F348F9004A3B59 /* Release */,
			);
			defaultConfigurationIsVisible = 0;
			defaultConfigurationName = Release;
		};
		3F8253B423F348F9004A3B59 /* Build configuration list for PBXNativeTarget "flixster" */ = {
			isa = XCConfigurationList;
			buildConfigurations = (
				3F8253B523F348F9004A3B59 /* Debug */,
				3F8253B623F348F9004A3B59 /* Release */,
			);
			defaultConfigurationIsVisible = 0;
			defaultConfigurationName = Release;
		};
		3F8253B723F348F9004A3B59 /* Build configuration list for PBXNativeTarget "flixsterTests" */ = {
			isa = XCConfigurationList;
			buildConfigurations = (
				3F8253B823F348F9004A3B59 /* Debug */,
				3F8253B923F348F9004A3B59 /* Release */,
			);
			defaultConfigurationIsVisible = 0;
			defaultConfigurationName = Release;
		};
		3F8253BA23F348F9004A3B59 /* Build configuration list for PBXNativeTarget "flixsterUITests" */ = {
			isa = XCConfigurationList;
			buildConfigurations = (
				3F8253BB23F348F9004A3B59 /* Debug */,
				3F8253BC23F348F9004A3B59 /* Release */,
			);
			defaultConfigurationIsVisible = 0;
			defaultConfigurationName = Release;
		};
/* End XCConfigurationList section */
	};
	rootObject = 3F82538423F348F9004A3B59 /* Project object */;
}
